
Microsoft Visual Studio Solution File, Format Version 12.00
# Visual Studio Version 17
VisualStudioVersion = 17.10.35122.118
MinimumVisualStudioVersion = 10.0.40219.1
Project("{2150E333-8FDC-42A3-9474-1A3956D46DE8}") = "docs", "docs", "{F5FB2EF6-5832-49F1-84EC-5F965A69ABCC}"
EndProject
Project("{2150E333-8FDC-42A3-9474-1A3956D46DE8}") = "src", "src", "{C215C45D-0840-4D1E-A253-0AB13C557779}"
EndProject
Project("{2150E333-8FDC-42A3-9474-1A3956D46DE8}") = "00.Framework", "00.Framework", "{D4649C86-03A9-4B06-AB2F-5C8F999EF688}"
EndProject
Project("{2150E333-8FDC-42A3-9474-1A3956D46DE8}") = "01.Core", "01.Core", "{60CA26DE-1AE8-4DA8-AFF0-7F9B5081984D}"
EndProject
Project("{9A19103F-16F7-4668-BE54-9A1E7A4F7556}") = "Framework.Base", "src\00.Framework\Framework.Base\Framework.Base.csproj", "{105A3093-3DF3-4A2B-A890-2796CDFAAA9F}"
EndProject
Project("{2150E333-8FDC-42A3-9474-1A3956D46DE8}") = "02.Infra", "02.Infra", "{B0F0187F-57D5-4FF9-AD71-0E8F574F05E2}"
EndProject
Project("{2150E333-8FDC-42A3-9474-1A3956D46DE8}") = "tests", "tests", "{17AD0E10-D3BF-4D58-991C-E793C76EC870}"
EndProject
Project("{2150E333-8FDC-42A3-9474-1A3956D46DE8}") = "03.Endpoints", "03.Endpoints", "{5B49DAE2-7ECF-4F26-9548-44BB2BC694BD}"
EndProject
Project("{9A19103F-16F7-4668-BE54-9A1E7A4F7556}") = "MarketPlace.Core.AppServices.Commands", "src\01.Core\MarketPlace.Core.AppServices.Commands\MarketPlace.Core.AppServices.Commands.csproj", "{3C6B0FAC-F86A-411F-9C94-EF658F7C3D0E}"
EndProject
Project("{9A19103F-16F7-4668-BE54-9A1E7A4F7556}") = "MarketPlace.Core.AppServices.Queries", "src\01.Core\MarketPlace.Core.AppServices.Queries\MarketPlace.Core.AppServices.Queries.csproj", "{246354FB-ACAB-4ECF-B0AB-42D5E3A772CC}"
EndProject
Project("{9A19103F-16F7-4668-BE54-9A1E7A4F7556}") = "MarketPlace.Core.Domain", "src\01.Core\MarketPlace.Core.Domain\MarketPlace.Core.Domain.csproj", "{8059229A-D1D0-41C2-A761-4A070452EFD7}"
EndProject
Project("{9A19103F-16F7-4668-BE54-9A1E7A4F7556}") = "MarketPlace.Infra.Data.Sql", "src\02.Infra\MarketPlace.Infra.Data.Sql\MarketPlace.Infra.Data.Sql.csproj", "{638748D3-8E40-4A12-B3B5-5A27A4D76018}"
EndProject
Project("{FAE04EC0-301F-11D3-BF4B-00C04F79EFBC}") = "MarketPlace.Endpoints.Api.Rest", "src\03.Endpoints\MarketPlace.Endpoints.Api.Rest\MarketPlace.Endpoints.Api.Rest.csproj", "{BB3CEFD8-AD72-42B2-91D9-0585A8758C56}"
EndProject
Global
	GlobalSection(SolutionConfigurationPlatforms) = preSolution
		Debug|Any CPU = Debug|Any CPU
		Release|Any CPU = Release|Any CPU
	EndGlobalSection
	GlobalSection(ProjectConfigurationPlatforms) = postSolution
		{105A3093-3DF3-4A2B-A890-2796CDFAAA9F}.Debug|Any CPU.ActiveCfg = Debug|Any CPU
		{105A3093-3DF3-4A2B-A890-2796CDFAAA9F}.Debug|Any CPU.Build.0 = Debug|Any CPU
		{105A3093-3DF3-4A2B-A890-2796CDFAAA9F}.Release|Any CPU.ActiveCfg = Release|Any CPU
		{105A3093-3DF3-4A2B-A890-2796CDFAAA9F}.Release|Any CPU.Build.0 = Release|Any CPU
		{3C6B0FAC-F86A-411F-9C94-EF658F7C3D0E}.Debug|Any CPU.ActiveCfg = Debug|Any CPU
		{3C6B0FAC-F86A-411F-9C94-EF658F7C3D0E}.Debug|Any CPU.Build.0 = Debug|Any CPU
		{3C6B0FAC-F86A-411F-9C94-EF658F7C3D0E}.Release|Any CPU.ActiveCfg = Release|Any CPU
		{3C6B0FAC-F86A-411F-9C94-EF658F7C3D0E}.Release|Any CPU.Build.0 = Release|Any CPU
		{246354FB-ACAB-4ECF-B0AB-42D5E3A772CC}.Debug|Any CPU.ActiveCfg = Debug|Any CPU
		{246354FB-ACAB-4ECF-B0AB-42D5E3A772CC}.Debug|Any CPU.Build.0 = Debug|Any CPU
		{246354FB-ACAB-4ECF-B0AB-42D5E3A772CC}.Release|Any CPU.ActiveCfg = Release|Any CPU
		{246354FB-ACAB-4ECF-B0AB-42D5E3A772CC}.Release|Any CPU.Build.0 = Release|Any CPU
		{8059229A-D1D0-41C2-A761-4A070452EFD7}.Debug|Any CPU.ActiveCfg = Debug|Any CPU
		{8059229A-D1D0-41C2-A761-4A070452EFD7}.Debug|Any CPU.Build.0 = Debug|Any CPU
		{8059229A-D1D0-41C2-A761-4A070452EFD7}.Release|Any CPU.ActiveCfg = Release|Any CPU
		{8059229A-D1D0-41C2-A761-4A070452EFD7}.Release|Any CPU.Build.0 = Release|Any CPU
		{638748D3-8E40-4A12-B3B5-5A27A4D76018}.Debug|Any CPU.ActiveCfg = Debug|Any CPU
		{638748D3-8E40-4A12-B3B5-5A27A4D76018}.Debug|Any CPU.Build.0 = Debug|Any CPU
		{638748D3-8E40-4A12-B3B5-5A27A4D76018}.Release|Any CPU.ActiveCfg = Release|Any CPU
		{638748D3-8E40-4A12-B3B5-5A27A4D76018}.Release|Any CPU.Build.0 = Release|Any CPU
		{BB3CEFD8-AD72-42B2-91D9-0585A8758C56}.Debug|Any CPU.ActiveCfg = Debug|Any CPU
		{BB3CEFD8-AD72-42B2-91D9-0585A8758C56}.Debug|Any CPU.Build.0 = Debug|Any CPU
		{BB3CEFD8-AD72-42B2-91D9-0585A8758C56}.Release|Any CPU.ActiveCfg = Release|Any CPU
		{BB3CEFD8-AD72-42B2-91D9-0585A8758C56}.Release|Any CPU.Build.0 = Release|Any CPU
	EndGlobalSection
	GlobalSection(SolutionProperties) = preSolution
		HideSolutionNode = FALSE
	EndGlobalSection
	GlobalSection(NestedProjects) = preSolution
		{D4649C86-03A9-4B06-AB2F-5C8F999EF688} = {C215C45D-0840-4D1E-A253-0AB13C557779}
		{60CA26DE-1AE8-4DA8-AFF0-7F9B5081984D} = {C215C45D-0840-4D1E-A253-0AB13C557779}
		{105A3093-3DF3-4A2B-A890-2796CDFAAA9F} = {D4649C86-03A9-4B06-AB2F-5C8F999EF688}
		{B0F0187F-57D5-4FF9-AD71-0E8F574F05E2} = {C215C45D-0840-4D1E-A253-0AB13C557779}
		{5B49DAE2-7ECF-4F26-9548-44BB2BC694BD} = {C215C45D-0840-4D1E-A253-0AB13C557779}
		{3C6B0FAC-F86A-411F-9C94-EF658F7C3D0E} = {60CA26DE-1AE8-4DA8-AFF0-7F9B5081984D}
		{246354FB-ACAB-4ECF-B0AB-42D5E3A772CC} = {60CA26DE-1AE8-4DA8-AFF0-7F9B5081984D}
		{8059229A-D1D0-41C2-A761-4A070452EFD7} = {60CA26DE-1AE8-4DA8-AFF0-7F9B5081984D}
		{638748D3-8E40-4A12-B3B5-5A27A4D76018} = {B0F0187F-57D5-4FF9-AD71-0E8F574F05E2}
		{BB3CEFD8-AD72-42B2-91D9-0585A8758C56} = {5B49DAE2-7ECF-4F26-9548-44BB2BC694BD}
	EndGlobalSection
	GlobalSection(ExtensibilityGlobals) = postSolution
		SolutionGuid = {B47156E0-B417-48CE-93AE-FF38842AE71F}
	EndGlobalSection
EndGlobal
